
Microsoft Visual Studio Solution File, Format Version 12.00
# Visual Studio Version 17
VisualStudioVersion = 17.6.33815.320
MinimumVisualStudioVersion = 10.0.40219.1
Project("{FAE04EC0-301F-11D3-BF4B-00C04F79EFBC}") = "GarbageCllection", "GarbageCllection\GarbageCllection.csproj", "{FA861076-237F-430E-94FB-C8D3C61F1174}"
EndProject
Global
	GlobalSection(SolutionConfigurationPlatforms) = preSolution
		Debug|Any CPU = Debug|Any CPU
		Release|Any CPU = Release|Any CPU
	EndGlobalSection
	GlobalSection(ProjectConfigurationPlatforms) = postSolution
		{FA861076-237F-430E-94FB-C8D3C61F1174}.Debug|Any CPU.ActiveCfg = Debug|Any CPU
		{FA861076-237F-430E-94FB-C8D3C61F1174}.Debug|Any CPU.Build.0 = Debug|Any CPU
		{FA861076-237F-430E-94FB-C8D3C61F1174}.Release|Any CPU.ActiveCfg = Release|Any CPU
		{FA861076-237F-430E-94FB-C8D3C61F1174}.Release|Any CPU.Build.0 = Release|Any CPU
	EndGlobalSection
	GlobalSection(SolutionProperties) = preSolution
		HideSolutionNode = FALSE
	EndGlobalSection
	GlobalSection(ExtensibilityGlobals) = postSolution
		SolutionGuid = {15A00F1C-D14C-4FD5-A54C-3C5DCCDA6CB2}
	EndGlobalSection
EndGlobal
