
Microsoft Visual Studio Solution File, Format Version 12.00
# Visual Studio Version 17
VisualStudioVersion = 17.6.33815.320
MinimumVisualStudioVersion = 10.0.40219.1
Project("{FAE04EC0-301F-11D3-BF4B-00C04F79EFBC}") = "CSVHelperImplementataion", "CSVHelperImplementataion\CSVHelperImplementataion.csproj", "{5B05E8D5-319B-4AD3-83C2-41EE93850327}"
EndProject
Global
	GlobalSection(SolutionConfigurationPlatforms) = preSolution
		Debug|Any CPU = Debug|Any CPU
		Release|Any CPU = Release|Any CPU
	EndGlobalSection
	GlobalSection(ProjectConfigurationPlatforms) = postSolution
		{5B05E8D5-319B-4AD3-83C2-41EE93850327}.Debug|Any CPU.ActiveCfg = Debug|Any CPU
		{5B05E8D5-319B-4AD3-83C2-41EE93850327}.Debug|Any CPU.Build.0 = Debug|Any CPU
		{5B05E8D5-319B-4AD3-83C2-41EE93850327}.Release|Any CPU.ActiveCfg = Release|Any CPU
		{5B05E8D5-319B-4AD3-83C2-41EE93850327}.Release|Any CPU.Build.0 = Release|Any CPU
	EndGlobalSection
	GlobalSection(SolutionProperties) = preSolution
		HideSolutionNode = FALSE
	EndGlobalSection
	GlobalSection(ExtensibilityGlobals) = postSolution
		SolutionGuid = {C2C16E77-4830-4277-95C1-6166069EAF4E}
	EndGlobalSection
EndGlobal
