
Microsoft Visual Studio Solution File, Format Version 12.00
# Visual Studio Version 17
VisualStudioVersion = 17.6.33815.320
MinimumVisualStudioVersion = 10.0.40219.1
Project("{FAE04EC0-301F-11D3-BF4B-00C04F79EFBC}") = "ConsoleApp5", "..\ConsoleApp5\ConsoleApp5.csproj", "{2F4A94EF-B614-4E4C-9842-0372CCABB6D4}"
EndProject
Project("{FAE04EC0-301F-11D3-BF4B-00C04F79EFBC}") = "InvoiceServiceTest", "InvoiceServiceTest\InvoiceServiceTest.csproj", "{7396CF7F-C10A-4100-BDCD-C6BA8F0C1F23}"
EndProject
Global
	GlobalSection(SolutionConfigurationPlatforms) = preSolution
		Debug|Any CPU = Debug|Any CPU
		Release|Any CPU = Release|Any CPU
	EndGlobalSection
	GlobalSection(ProjectConfigurationPlatforms) = postSolution
		{2F4A94EF-B614-4E4C-9842-0372CCABB6D4}.Debug|Any CPU.ActiveCfg = Debug|Any CPU
		{2F4A94EF-B614-4E4C-9842-0372CCABB6D4}.Debug|Any CPU.Build.0 = Debug|Any CPU
		{2F4A94EF-B614-4E4C-9842-0372CCABB6D4}.Release|Any CPU.ActiveCfg = Release|Any CPU
		{2F4A94EF-B614-4E4C-9842-0372CCABB6D4}.Release|Any CPU.Build.0 = Release|Any CPU
		{7396CF7F-C10A-4100-BDCD-C6BA8F0C1F23}.Debug|Any CPU.ActiveCfg = Debug|Any CPU
		{7396CF7F-C10A-4100-BDCD-C6BA8F0C1F23}.Debug|Any CPU.Build.0 = Debug|Any CPU
		{7396CF7F-C10A-4100-BDCD-C6BA8F0C1F23}.Release|Any CPU.ActiveCfg = Release|Any CPU
		{7396CF7F-C10A-4100-BDCD-C6BA8F0C1F23}.Release|Any CPU.Build.0 = Release|Any CPU
	EndGlobalSection
	GlobalSection(SolutionProperties) = preSolution
		HideSolutionNode = FALSE
	EndGlobalSection
	GlobalSection(ExtensibilityGlobals) = postSolution
		SolutionGuid = {EE4FEFD9-68EF-4450-9C3B-A3BBF1F5787E}
	EndGlobalSection
EndGlobal
